<Solution>
  <Folder Name="/api/" />
  <Folder Name="/api/Agents/">
    <Project Path="api/Agents/CvManager.Agents.csproj" />
  </Folder>
  <Folder Name="/api/Application/">
    <Project Path="api/Application/CvManager.Application.csproj" />
  </Folder>
  <Folder Name="/api/Domain/">
    <Project Path="api/Domain/CvManager.Domain.csproj" />
  </Folder>
  <Folder Name="/api/Infrastructure/">
    <Project Path="api/Infrastructure/CvManager.Infrastructure.csproj" />
  </Folder>
  <Folder Name="/api/Mcp/">
    <Project Path="api/Mcp/CvManager.Mcp.csproj" />
  </Folder>
  <Folder Name="/api/Web/">
    <Project Path="api/Web/CvManager.Web.csproj" />
  </Folder>
  <Folder Name="/tests/" />
  <Folder Name="/tests/Agents.Tests/">
    <Project Path="tests/Agents.Tests/CvManager.Agents.Tests.csproj" />
  </Folder>
  <Folder Name="/tests/Application.Tests/">
    <Project Path="tests/Application.Tests/CvManager.Application.Tests.csproj" />
  </Folder>
  <Folder Name="/tests/Mcp.Tests/">
    <Project Path="tests/Mcp.Tests/CvManager.Mcp.Tests.csproj" />
  </Folder>
  <Folder Name="/tools/">
    <Project Path="tools/ExtractionEval.Core/ExtractionEval.Core.csproj" />
    <Project Path="tools/ExtractionEval/ExtractionEval.csproj" />
  </Folder>
  <Folder Name="/tools/GenerateDemoRoster/">
    <Project Path="tools/GenerateDemoRoster/GenerateDemoRoster.csproj" />
  </Folder>
  <Folder Name="/tools/RetrievalEval/">
    <Project Path="tools/RetrievalEval/RetrievalEval.csproj" />
  </Folder>
  <Folder Name="/tools/RetrievalEval.Core/">
    <Project Path="tools/RetrievalEval.Core/RetrievalEval.Core.csproj" />
  </Folder>
  <Folder Name="/tools/SeedDemoRoster/">
    <Project Path="tools/SeedDemoRoster/SeedDemoRoster.csproj" />
  </Folder>
</Solution>
