<Solution>
  <Folder Name="/api/" />
  <Folder Name="/api/Agents/">
    <Project Path="api/Agents/EmployeeManager.Agents.csproj" />
  </Folder>
  <Folder Name="/api/Application/">
    <Project Path="api/Application/EmployeeManager.Application.csproj" />
  </Folder>
  <Folder Name="/api/Domain/">
    <Project Path="api/Domain/EmployeeManager.Domain.csproj" />
  </Folder>
  <Folder Name="/api/Infrastructure/">
    <Project Path="api/Infrastructure/EmployeeManager.Infrastructure.csproj" />
  </Folder>
  <Folder Name="/api/Mcp/">
    <Project Path="api/Mcp/EmployeeManager.Mcp.csproj" />
  </Folder>
  <Folder Name="/api/Web/">
    <Project Path="api/Web/EmployeeManager.Web.csproj" />
  </Folder>
  <Folder Name="/tests/" />
  <Folder Name="/tests/Agents.Tests/">
    <Project Path="tests/Agents.Tests/EmployeeManager.Agents.Tests.csproj" />
  </Folder>
  <Folder Name="/tests/Application.Tests/">
    <Project Path="tests/Application.Tests/EmployeeManager.Application.Tests.csproj" />
  </Folder>
  <Folder Name="/tests/Mcp.Tests/">
    <Project Path="tests/Mcp.Tests/EmployeeManager.Mcp.Tests.csproj" />
  </Folder>
  <Folder Name="/tools/" />
  <Folder Name="/tools/GenerateDemoRoster/">
    <Project Path="tools/GenerateDemoRoster/GenerateDemoRoster.csproj" />
  </Folder>
</Solution>
